{
  "requires": true,
  "lockfileVersion": 1,
  "dependencies": {
    "eslint-config-wolox-vue": {
      "version": "git+https://github.com/Wolox/eslint-config-wolox-vue.git#dffecc2f6701412f9056b5975795f1e8048da680",
      "from": "git+https://github.com/Wolox/eslint-config-wolox-vue.git"
    }
  }
}
